# @generated - this file is auto-generated by `mise lock` https://mise.jdx.dev/dev-tools/mise-lock.html

[[tools."aqua:pnpm/pnpm"]]
version = "11.21.0"
backend = "aqua:pnpm/pnpm"

[tools."aqua:pnpm/pnpm"."platforms.linux-x64"]
checksum = "sha256:aadc489ce4473c2af0fec06a5c19e113b5793d404eac49853c8153bf4b0d8263"
url = "https://github.com/pnpm/pnpm/releases/download/v11.21.0/pnpm-linux-x64.tar.gz"
url_api = "https://api.github.com/repos/pnpm/pnpm/releases/assets/507585503"
provenance = "github-attestations"

[tools."aqua:pnpm/pnpm"."platforms.macos-arm64"]
checksum = "sha256:860a96978a79ca5132bdc247375f94150a3c98edbecbee36e9f8e0c9e2f7f056"
url = "https://github.com/pnpm/pnpm/releases/download/v11.21.0/pnpm-darwin-arm64.tar.gz"
url_api = "https://api.github.com/repos/pnpm/pnpm/releases/assets/507585526"
provenance = "github-attestations"

[[tools.node]]
version = "24.15.0"
backend = "core:node"

[tools.node."platforms.linux-x64"]
checksum = "sha256:44836872d9aec49f1e6b52a9a922872db9a2b02d235a616a5681b6a85fec8d89"
url = "https://nodejs.org/dist/v24.15.0/node-v24.15.0-linux-x64.tar.gz"

[tools.node."platforms.macos-arm64"]
checksum = "sha256:372331b969779ab5d15b949884fc6eaf88d5afe87bde8ba881d6400b9100ffc4"
url = "https://nodejs.org/dist/v24.15.0/node-v24.15.0-darwin-arm64.tar.gz"
